
Microsoft Visual Studio Solution File, Format Version 12.00
# Visual Studio Version 17
VisualStudioVersion = 17.11.35222.181
MinimumVisualStudioVersion = 10.0.40219.1
Project("{FAE04EC0-301F-11D3-BF4B-00C04F79EFBC}") = "CoreSoftServe2", "CoreSoftServe2.csproj", "{B486E8FE-3B0B-4D84-8D2C-3B90954407B8}"
EndProject
Project("{FAE04EC0-301F-11D3-BF4B-00C04F79EFBC}") = "DataAccess", "..\DataAccess\DataAccess.csproj", "{253A42C2-A0FC-48B4-904E-400DA59C0B00}"
EndProject
Global
	GlobalSection(SolutionConfigurationPlatforms) = preSolution
		Debug|Any CPU = Debug|Any CPU
		Release|Any CPU = Release|Any CPU
	EndGlobalSection
	GlobalSection(ProjectConfigurationPlatforms) = postSolution
		{B486E8FE-3B0B-4D84-8D2C-3B90954407B8}.Debug|Any CPU.ActiveCfg = Debug|Any CPU
		{B486E8FE-3B0B-4D84-8D2C-3B90954407B8}.Debug|Any CPU.Build.0 = Debug|Any CPU
		{B486E8FE-3B0B-4D84-8D2C-3B90954407B8}.Release|Any CPU.ActiveCfg = Release|Any CPU
		{B486E8FE-3B0B-4D84-8D2C-3B90954407B8}.Release|Any CPU.Build.0 = Release|Any CPU
		{253A42C2-A0FC-48B4-904E-400DA59C0B00}.Debug|Any CPU.ActiveCfg = Debug|Any CPU
		{253A42C2-A0FC-48B4-904E-400DA59C0B00}.Debug|Any CPU.Build.0 = Debug|Any CPU
		{253A42C2-A0FC-48B4-904E-400DA59C0B00}.Release|Any CPU.ActiveCfg = Release|Any CPU
		{253A42C2-A0FC-48B4-904E-400DA59C0B00}.Release|Any CPU.Build.0 = Release|Any CPU
	EndGlobalSection
	GlobalSection(SolutionProperties) = preSolution
		HideSolutionNode = FALSE
	EndGlobalSection
	GlobalSection(ExtensibilityGlobals) = postSolution
		SolutionGuid = {9A2D2205-2CED-4A7E-99B5-2725AF84FB7C}
	EndGlobalSection
EndGlobal
